{
    "_readme": [
        "This file locks the dependencies of your project to a known state",
        "Read more about it at https://getcomposer.org/doc/01-basic-usage.md#composer-lock-the-lock-file",
        "This file is @generated automatically"
    ],
    "hash": "106e3921920ac25390a8f2af5361e288",
    "content-hash": "d08c4819a11f976873938c7168b6e023",
    "packages": [
        {
            "name": "xpaw/php-minecraft-query",
            "version": "1.0.0",
            "source": {
                "type": "git",
                "url": "https://github.com/xPaw/PHP-Minecraft-Query.git",
                "reference": "828161dda59fc8a542c912afb019b36d6371f54c"
            },
            "dist": {
                "type": "zip",
                "url": "https://api.github.com/repos/xPaw/PHP-Minecraft-Query/zipball/828161dda59fc8a542c912afb019b36d6371f54c",
                "reference": "828161dda59fc8a542c912afb019b36d6371f54c",
                "shasum": ""
            },
            "require": {
                "php": ">=5.4"
            },
            "type": "library",
            "autoload": {
                "psr-4": {
                    "xPaw\\": "src"
                }
            },
            "notification-url": "https://packagist.org/downloads/",
            "license": [
                "MIT"
            ],
            "description": "PHP library to query Minecraft servers",
            "keywords": [
                "minecraft"
            ],
            "time": "2015-10-06 07:59:49"
        }
    ],
    "packages-dev": [],
    "aliases": [],
    "minimum-stability": "stable",
    "stability-flags": [],
    "prefer-stable": false,
    "prefer-lowest": false,
    "platform": [],
    "platform-dev": []
}
